
Microsoft Visual Studio Solution File, Format Version 12.00
# Visual Studio Version 17
VisualStudioVersion = 17.2.32630.192
MinimumVisualStudioVersion = 10.0.40219.1
Project("{FAE04EC0-301F-11D3-BF4B-00C04F79EFBC}") = "CreationModelPlugin", "CreationModelPlugin\CreationModelPlugin.csproj", "{F5E7D604-E2B3-422A-B028-C0715ECBCCBC}"
EndProject
Project("{FAE04EC0-301F-11D3-BF4B-00C04F79EFBC}") = "RevitAPITrainingLibrary", "..\..\..\Module 3\7\ДЗ\7-1\RevitAPITrainingLibrary\RevitAPITrainingLibrary\RevitAPITrainingLibrary.csproj", "{AFBB5127-5CD0-4F07-87AA-5DDFE2BA79B3}"
EndProject
Global
	GlobalSection(SolutionConfigurationPlatforms) = preSolution
		Debug|Any CPU = Debug|Any CPU
		Release|Any CPU = Release|Any CPU
	EndGlobalSection
	GlobalSection(ProjectConfigurationPlatforms) = postSolution
		{F5E7D604-E2B3-422A-B028-C0715ECBCCBC}.Debug|Any CPU.ActiveCfg = Debug|Any CPU
		{F5E7D604-E2B3-422A-B028-C0715ECBCCBC}.Debug|Any CPU.Build.0 = Debug|Any CPU
		{F5E7D604-E2B3-422A-B028-C0715ECBCCBC}.Release|Any CPU.ActiveCfg = Release|Any CPU
		{F5E7D604-E2B3-422A-B028-C0715ECBCCBC}.Release|Any CPU.Build.0 = Release|Any CPU
		{AFBB5127-5CD0-4F07-87AA-5DDFE2BA79B3}.Debug|Any CPU.ActiveCfg = Debug|Any CPU
		{AFBB5127-5CD0-4F07-87AA-5DDFE2BA79B3}.Debug|Any CPU.Build.0 = Debug|Any CPU
		{AFBB5127-5CD0-4F07-87AA-5DDFE2BA79B3}.Release|Any CPU.ActiveCfg = Release|Any CPU
		{AFBB5127-5CD0-4F07-87AA-5DDFE2BA79B3}.Release|Any CPU.Build.0 = Release|Any CPU
	EndGlobalSection
	GlobalSection(SolutionProperties) = preSolution
		HideSolutionNode = FALSE
	EndGlobalSection
	GlobalSection(ExtensibilityGlobals) = postSolution
		SolutionGuid = {AA09A81F-3037-4111-817C-73A1A4A1245E}
	EndGlobalSection
EndGlobal
